{
  "version": 4,
  "terraform_version": "1.6.6",
  "serial": 169,
  "lineage": "a24370a9-2ec2-28ff-73cd-b8d950bcebf5",
  "outputs": {},
  "resources": [
    {
      "mode": "managed",
      "type": "azurerm_linux_virtual_machine",
      "name": "tf-ans-demo-vm",
      "provider": "provider[\"registry.terraform.io/hashicorp/azurerm\"]",
      "instances": [
        {
          "index_key": "vm1",
          "schema_version": 0,
          "attributes": {
            "additional_capabilities": [],
            "admin_password": null,
            "admin_ssh_key": [
              {
                "public_key": "ssh-rsa AAAAB3NzaC1yc2EAAAADAQABAAABgQC/YRU9+EImof3b4bID5ojZN+2nVz/1jWYQFtnw42SSL6ulb8p+AXv3p9nEEjcsgvTLmIBuGC01PSTP/pzpz0o7XT+NytzIscyD7H7cNktzYVSXoihOP5cyVIo7pkWTenZmmkOxKO7bln8Sn0FyNVfAsC+F5c2fUU+VjgWUkZghuqetcugyb9j6pS+ooDi97r4skcLKn4PQKOezjw6c3lczu4vqt4X1gYURVDDQxRDNhMzWP84Xx3CYsfwVlb1mRXfk3HpeTvhW1yJ5jUf3jXR+xRurwIUIASBCCP7DYVxHTuhVbnoHUwExOT/VWOd3mZ6D7SEe55TWJy8cdXKSvN8kevWDEbzQGHyxoo7Xa49ilNWotfCvbgQ2xsS2dB3dgBGtWFBpixarVUIUu7WHxDNFFlmyh0mpIl0MnHMXPwZvIYtzDAQOHcBxQMg8dhOQmX8/r3AVzTM7vMZd57c7m0Esed/tlF1LEw2M/L5HLFEedXlWQnKO0ieRUbyHOYVxo/0= azuread\\surendraammasi@Surendra-A\r\n",
                "username": "azureuser"
              }
            ],
            "admin_username": "azureuser",
            "allow_extension_operations": true,
            "availability_set_id": "",
            "boot_diagnostics": [],
            "bypass_platform_safety_checks_on_user_schedule_enabled": false,
            "capacity_reservation_group_id": "",
            "computer_name": "ansible-controller-vm",
            "custom_data": "I2Nsb3VkLWNvbmZpZw0KDQojIFRhc2sgMTogVXBkYXRlIHBhY2thZ2UgcmVwb3NpdG9yeSBjYWNoZQ0KcnVuY21kMToNCiAgLSBbInN1ZG8iLCAiYXB0IiwgInVwZGF0ZSJdDQoNCiMgVGFzayAyOiBBZGQgQW5zaWJsZSByZXBvc2l0b3J5DQpydW5jbWQyOg0KICAtIFsic3VkbyIsICJhZGQtYXB0LXJlcG9zaXRvcnkiLCAiLS15ZXMiLCAiLS11cGRhdGUiLCAicHBhOmFuc2libGUvYW5zaWJsZSJdDQoNCiMgVGFzayAzOiBJbnN0YWxsIGFsbCByZXF1aXJlZCBwYWNrYWdlcw0KcGFja2FnZXM6DQogIC0gYW5zaWJsZQ0KICAtIHB5dGhvbjMNCiAgLSBweXRob24zLXBpcA0KICAtIHNvZnR3YXJlLXByb3BlcnRpZXMtY29tbW9uDQoNCg==",
            "dedicated_host_group_id": "",
            "dedicated_host_id": "",
            "disable_password_authentication": true,
            "edge_zone": "",
            "encryption_at_host_enabled": false,
            "eviction_policy": "",
            "extensions_time_budget": "PT1H30M",
            "gallery_application": [],
            "id": "/subscriptions/551d4f9d-a651-4011-a550-f4cdcb4f653a/resourceGroups/tf-ans-demo-rg/providers/Microsoft.Compute/virtualMachines/ansible-controller-vm",
            "identity": [],
            "license_type": "",
            "location": "centralindia",
            "max_bid_price": -1,
            "name": "ansible-controller-vm",
            "network_interface_ids": [
              "/subscriptions/551d4f9d-a651-4011-a550-f4cdcb4f653a/resourceGroups/tf-ans-demo-rg/providers/Microsoft.Network/networkInterfaces/ansible-controller-vm-nic"
            ],
            "os_disk": [
              {
                "caching": "ReadWrite",
                "diff_disk_settings": [],
                "disk_encryption_set_id": "",
                "disk_size_gb": 30,
                "name": "ansible-controller-vm_disk1_43e554f388fd40b2a59c1f255e28151b",
                "secure_vm_disk_encryption_set_id": "",
                "security_encryption_type": "",
                "storage_account_type": "Standard_LRS",
                "write_accelerator_enabled": false
              }
            ],
            "patch_assessment_mode": "ImageDefault",
            "patch_mode": "ImageDefault",
            "plan": [],
            "platform_fault_domain": -1,
            "priority": "Regular",
            "private_ip_address": "10.1.1.4",
            "private_ip_addresses": [
              "10.1.1.4"
            ],
            "provision_vm_agent": true,
            "proximity_placement_group_id": "",
            "public_ip_address": "4.247.165.222",
            "public_ip_addresses": [
              "4.247.165.222"
            ],
            "reboot_setting": "",
            "resource_group_name": "tf-ans-demo-rg",
            "secret": [],
            "secure_boot_enabled": false,
            "size": "Standard_B2s",
            "source_image_id": "",
            "source_image_reference": [
              {
                "offer": "0001-com-ubuntu-server-jammy",
                "publisher": "canonical",
                "sku": "22_04-lts-gen2",
                "version": "latest"
              }
            ],
            "tags": {
              "createdby": "suren",
              "environment": "NPRD"
            },
            "termination_notification": [],
            "timeouts": null,
            "user_data": "",
            "virtual_machine_id": "9e06768a-ee05-4292-a44e-6c455a56ee27",
            "virtual_machine_scale_set_id": "",
            "vtpm_enabled": false,
            "zone": ""
          },
          "sensitive_attributes": [],
          "private": "eyJlMmJmYjczMC1lY2FhLTExZTYtOGY4OC0zNDM2M2JjN2M0YzAiOnsiY3JlYXRlIjoyNzAwMDAwMDAwMDAwLCJkZWxldGUiOjI3MDAwMDAwMDAwMDAsInJlYWQiOjMwMDAwMDAwMDAwMCwidXBkYXRlIjoyNzAwMDAwMDAwMDAwfX0=",
          "dependencies": [
            "azurerm_network_interface.tf-ans-demo-nic",
            "azurerm_public_ip.tf-ans-demo-pub-ip",
            "azurerm_resource_group.tf-ans-demo-rg",
            "azurerm_subnet.tf-ans-demo-subnet1",
            "azurerm_virtual_network.tf-ans-demo-vnet"
          ]
        }
      ]
    },
    {
      "mode": "managed",
      "type": "azurerm_network_interface",
      "name": "tf-ans-demo-nic",
      "provider": "provider[\"registry.terraform.io/hashicorp/azurerm\"]",
      "instances": [
        {
          "index_key": "vm1",
          "schema_version": 0,
          "attributes": {
            "applied_dns_servers": [],
            "auxiliary_mode": "",
            "auxiliary_sku": "",
            "dns_servers": [],
            "edge_zone": "",
            "enable_accelerated_networking": false,
            "enable_ip_forwarding": false,
            "id": "/subscriptions/551d4f9d-a651-4011-a550-f4cdcb4f653a/resourceGroups/tf-ans-demo-rg/providers/Microsoft.Network/networkInterfaces/ansible-controller-vm-nic",
            "internal_dns_name_label": "",
            "internal_domain_name_suffix": "e11cjxdmu0jeflzukobw25otcc.rx.internal.cloudapp.net",
            "ip_configuration": [
              {
                "gateway_load_balancer_frontend_ip_configuration_id": "",
                "name": "internal",
                "primary": true,
                "private_ip_address": "10.1.1.4",
                "private_ip_address_allocation": "Dynamic",
                "private_ip_address_version": "IPv4",
                "public_ip_address_id": "/subscriptions/551d4f9d-a651-4011-a550-f4cdcb4f653a/resourceGroups/tf-ans-demo-rg/providers/Microsoft.Network/publicIPAddresses/ansible-controller-vm-pub-ip",
                "subnet_id": "/subscriptions/551d4f9d-a651-4011-a550-f4cdcb4f653a/resourceGroups/tf-ans-demo-rg/providers/Microsoft.Network/virtualNetworks/tf-ans-demo-vnet/subnets/tf-ans-demo-subnet1"
              }
            ],
            "location": "centralindia",
            "mac_address": "60-45-BD-73-39-C8",
            "name": "ansible-controller-vm-nic",
            "private_ip_address": "10.1.1.4",
            "private_ip_addresses": [
              "10.1.1.4"
            ],
            "resource_group_name": "tf-ans-demo-rg",
            "tags": {
              "createdby": "suren",
              "environment": "NPRD"
            },
            "timeouts": null,
            "virtual_machine_id": "/subscriptions/551d4f9d-a651-4011-a550-f4cdcb4f653a/resourceGroups/tf-ans-demo-rg/providers/Microsoft.Compute/virtualMachines/ansible-controller-vm"
          },
          "sensitive_attributes": [],
          "private": "eyJlMmJmYjczMC1lY2FhLTExZTYtOGY4OC0zNDM2M2JjN2M0YzAiOnsiY3JlYXRlIjoxODAwMDAwMDAwMDAwLCJkZWxldGUiOjE4MDAwMDAwMDAwMDAsInJlYWQiOjMwMDAwMDAwMDAwMCwidXBkYXRlIjoxODAwMDAwMDAwMDAwfX0=",
          "dependencies": [
            "azurerm_public_ip.tf-ans-demo-pub-ip",
            "azurerm_resource_group.tf-ans-demo-rg",
            "azurerm_subnet.tf-ans-demo-subnet1",
            "azurerm_virtual_network.tf-ans-demo-vnet"
          ]
        }
      ]
    },
    {
      "mode": "managed",
      "type": "azurerm_network_security_group",
      "name": "tf-ans-demo-sg",
      "provider": "provider[\"registry.terraform.io/hashicorp/azurerm\"]",
      "instances": [
        {
          "schema_version": 0,
          "attributes": {
            "id": "/subscriptions/551d4f9d-a651-4011-a550-f4cdcb4f653a/resourceGroups/tf-ans-demo-rg/providers/Microsoft.Network/networkSecurityGroups/tf-ans-demo-sg",
            "location": "centralindia",
            "name": "tf-ans-demo-sg",
            "resource_group_name": "tf-ans-demo-rg",
            "security_rule": [
              {
                "access": "Allow",
                "description": "",
                "destination_address_prefix": "*",
                "destination_address_prefixes": [],
                "destination_application_security_group_ids": [],
                "destination_port_range": "*",
                "destination_port_ranges": [],
                "direction": "Inbound",
                "name": "tf-ans-demo-rule",
                "priority": 100,
                "protocol": "*",
                "source_address_prefix": "49.249.8.118/32",
                "source_address_prefixes": [],
                "source_application_security_group_ids": [],
                "source_port_range": "*",
                "source_port_ranges": []
              }
            ],
            "tags": {
              "createdby": "suren",
              "environment": "NPRD"
            },
            "timeouts": null
          },
          "sensitive_attributes": [],
          "private": "eyJlMmJmYjczMC1lY2FhLTExZTYtOGY4OC0zNDM2M2JjN2M0YzAiOnsiY3JlYXRlIjoxODAwMDAwMDAwMDAwLCJkZWxldGUiOjE4MDAwMDAwMDAwMDAsInJlYWQiOjMwMDAwMDAwMDAwMCwidXBkYXRlIjoxODAwMDAwMDAwMDAwfX0=",
          "dependencies": [
            "azurerm_resource_group.tf-ans-demo-rg"
          ]
        }
      ]
    },
    {
      "mode": "managed",
      "type": "azurerm_network_security_rule",
      "name": "tf-ans-demo-rule",
      "provider": "provider[\"registry.terraform.io/hashicorp/azurerm\"]",
      "instances": [
        {
          "schema_version": 0,
          "attributes": {
            "access": "Allow",
            "description": "",
            "destination_address_prefix": "*",
            "destination_address_prefixes": [],
            "destination_application_security_group_ids": [],
            "destination_port_range": "*",
            "destination_port_ranges": [],
            "direction": "Inbound",
            "id": "/subscriptions/551d4f9d-a651-4011-a550-f4cdcb4f653a/resourceGroups/tf-ans-demo-rg/providers/Microsoft.Network/networkSecurityGroups/tf-ans-demo-sg/securityRules/tf-ans-demo-rule",
            "name": "tf-ans-demo-rule",
            "network_security_group_name": "tf-ans-demo-sg",
            "priority": 100,
            "protocol": "*",
            "resource_group_name": "tf-ans-demo-rg",
            "source_address_prefix": "49.249.8.118/32",
            "source_address_prefixes": [],
            "source_application_security_group_ids": [],
            "source_port_range": "*",
            "source_port_ranges": [],
            "timeouts": null
          },
          "sensitive_attributes": [],
          "private": "eyJlMmJmYjczMC1lY2FhLTExZTYtOGY4OC0zNDM2M2JjN2M0YzAiOnsiY3JlYXRlIjoxODAwMDAwMDAwMDAwLCJkZWxldGUiOjE4MDAwMDAwMDAwMDAsInJlYWQiOjMwMDAwMDAwMDAwMCwidXBkYXRlIjoxODAwMDAwMDAwMDAwfX0=",
          "dependencies": [
            "azurerm_network_security_group.tf-ans-demo-sg",
            "azurerm_resource_group.tf-ans-demo-rg"
          ]
        }
      ]
    },
    {
      "mode": "managed",
      "type": "azurerm_public_ip",
      "name": "tf-ans-demo-pub-ip",
      "provider": "provider[\"registry.terraform.io/hashicorp/azurerm\"]",
      "instances": [
        {
          "index_key": "vm1",
          "schema_version": 0,
          "attributes": {
            "allocation_method": "Dynamic",
            "ddos_protection_mode": "VirtualNetworkInherited",
            "ddos_protection_plan_id": null,
            "domain_name_label": null,
            "edge_zone": "",
            "fqdn": null,
            "id": "/subscriptions/551d4f9d-a651-4011-a550-f4cdcb4f653a/resourceGroups/tf-ans-demo-rg/providers/Microsoft.Network/publicIPAddresses/ansible-controller-vm-pub-ip",
            "idle_timeout_in_minutes": 4,
            "ip_address": "4.247.165.222",
            "ip_tags": {},
            "ip_version": "IPv4",
            "location": "centralindia",
            "name": "ansible-controller-vm-pub-ip",
            "public_ip_prefix_id": null,
            "resource_group_name": "tf-ans-demo-rg",
            "reverse_fqdn": null,
            "sku": "Basic",
            "sku_tier": "Regional",
            "tags": {
              "createdby": "suren",
              "environment": "NPRD"
            },
            "timeouts": null,
            "zones": []
          },
          "sensitive_attributes": [],
          "private": "eyJlMmJmYjczMC1lY2FhLTExZTYtOGY4OC0zNDM2M2JjN2M0YzAiOnsiY3JlYXRlIjoxODAwMDAwMDAwMDAwLCJkZWxldGUiOjE4MDAwMDAwMDAwMDAsInJlYWQiOjMwMDAwMDAwMDAwMCwidXBkYXRlIjoxODAwMDAwMDAwMDAwfX0=",
          "dependencies": [
            "azurerm_resource_group.tf-ans-demo-rg"
          ]
        }
      ]
    },
    {
      "mode": "managed",
      "type": "azurerm_resource_group",
      "name": "tf-ans-demo-rg",
      "provider": "provider[\"registry.terraform.io/hashicorp/azurerm\"]",
      "instances": [
        {
          "schema_version": 0,
          "attributes": {
            "id": "/subscriptions/551d4f9d-a651-4011-a550-f4cdcb4f653a/resourceGroups/tf-ans-demo-rg",
            "location": "centralindia",
            "managed_by": "",
            "name": "tf-ans-demo-rg",
            "tags": {
              "createdby": "suren",
              "environment": "NPRD"
            },
            "timeouts": null
          },
          "sensitive_attributes": [],
          "private": "eyJlMmJmYjczMC1lY2FhLTExZTYtOGY4OC0zNDM2M2JjN2M0YzAiOnsiY3JlYXRlIjo1NDAwMDAwMDAwMDAwLCJkZWxldGUiOjU0MDAwMDAwMDAwMDAsInJlYWQiOjMwMDAwMDAwMDAwMCwidXBkYXRlIjo1NDAwMDAwMDAwMDAwfX0="
        }
      ]
    },
    {
      "mode": "managed",
      "type": "azurerm_subnet",
      "name": "tf-ans-demo-subnet1",
      "provider": "provider[\"registry.terraform.io/hashicorp/azurerm\"]",
      "instances": [
        {
          "schema_version": 0,
          "attributes": {
            "address_prefixes": [
              "10.1.1.0/24"
            ],
            "delegation": [],
            "enforce_private_link_endpoint_network_policies": false,
            "enforce_private_link_service_network_policies": false,
            "id": "/subscriptions/551d4f9d-a651-4011-a550-f4cdcb4f653a/resourceGroups/tf-ans-demo-rg/providers/Microsoft.Network/virtualNetworks/tf-ans-demo-vnet/subnets/tf-ans-demo-subnet1",
            "name": "tf-ans-demo-subnet1",
            "private_endpoint_network_policies_enabled": true,
            "private_link_service_network_policies_enabled": true,
            "resource_group_name": "tf-ans-demo-rg",
            "service_endpoint_policy_ids": [],
            "service_endpoints": [],
            "timeouts": null,
            "virtual_network_name": "tf-ans-demo-vnet"
          },
          "sensitive_attributes": [],
          "private": "eyJlMmJmYjczMC1lY2FhLTExZTYtOGY4OC0zNDM2M2JjN2M0YzAiOnsiY3JlYXRlIjoxODAwMDAwMDAwMDAwLCJkZWxldGUiOjE4MDAwMDAwMDAwMDAsInJlYWQiOjMwMDAwMDAwMDAwMCwidXBkYXRlIjoxODAwMDAwMDAwMDAwfX0=",
          "dependencies": [
            "azurerm_resource_group.tf-ans-demo-rg",
            "azurerm_virtual_network.tf-ans-demo-vnet"
          ]
        }
      ]
    },
    {
      "mode": "managed",
      "type": "azurerm_subnet_network_security_group_association",
      "name": "tf-ans-demo-sg-associate",
      "provider": "provider[\"registry.terraform.io/hashicorp/azurerm\"]",
      "instances": [
        {
          "schema_version": 0,
          "attributes": {
            "id": "/subscriptions/551d4f9d-a651-4011-a550-f4cdcb4f653a/resourceGroups/tf-ans-demo-rg/providers/Microsoft.Network/virtualNetworks/tf-ans-demo-vnet/subnets/tf-ans-demo-subnet1",
            "network_security_group_id": "/subscriptions/551d4f9d-a651-4011-a550-f4cdcb4f653a/resourceGroups/tf-ans-demo-rg/providers/Microsoft.Network/networkSecurityGroups/tf-ans-demo-sg",
            "subnet_id": "/subscriptions/551d4f9d-a651-4011-a550-f4cdcb4f653a/resourceGroups/tf-ans-demo-rg/providers/Microsoft.Network/virtualNetworks/tf-ans-demo-vnet/subnets/tf-ans-demo-subnet1",
            "timeouts": null
          },
          "sensitive_attributes": [],
          "private": "eyJlMmJmYjczMC1lY2FhLTExZTYtOGY4OC0zNDM2M2JjN2M0YzAiOnsiY3JlYXRlIjoxODAwMDAwMDAwMDAwLCJkZWxldGUiOjE4MDAwMDAwMDAwMDAsInJlYWQiOjMwMDAwMDAwMDAwMH19",
          "dependencies": [
            "azurerm_network_security_group.tf-ans-demo-sg",
            "azurerm_resource_group.tf-ans-demo-rg",
            "azurerm_subnet.tf-ans-demo-subnet1",
            "azurerm_virtual_network.tf-ans-demo-vnet"
          ]
        }
      ]
    },
    {
      "mode": "managed",
      "type": "azurerm_virtual_network",
      "name": "tf-ans-demo-vnet",
      "provider": "provider[\"registry.terraform.io/hashicorp/azurerm\"]",
      "instances": [
        {
          "schema_version": 0,
          "attributes": {
            "address_space": [
              "10.1.1.0/24"
            ],
            "bgp_community": "",
            "ddos_protection_plan": [],
            "dns_servers": [],
            "edge_zone": "",
            "encryption": [],
            "flow_timeout_in_minutes": 0,
            "guid": "dc24f626-a66c-4292-af34-53836e7dd312",
            "id": "/subscriptions/551d4f9d-a651-4011-a550-f4cdcb4f653a/resourceGroups/tf-ans-demo-rg/providers/Microsoft.Network/virtualNetworks/tf-ans-demo-vnet",
            "location": "centralindia",
            "name": "tf-ans-demo-vnet",
            "resource_group_name": "tf-ans-demo-rg",
            "subnet": [
              {
                "address_prefix": "10.1.1.0/24",
                "id": "/subscriptions/551d4f9d-a651-4011-a550-f4cdcb4f653a/resourceGroups/tf-ans-demo-rg/providers/Microsoft.Network/virtualNetworks/tf-ans-demo-vnet/subnets/tf-ans-demo-subnet1",
                "name": "tf-ans-demo-subnet1",
                "security_group": "/subscriptions/551d4f9d-a651-4011-a550-f4cdcb4f653a/resourceGroups/tf-ans-demo-rg/providers/Microsoft.Network/networkSecurityGroups/tf-ans-demo-sg"
              }
            ],
            "tags": {
              "createdby": "suren",
              "environment": "NPRD"
            },
            "timeouts": null
          },
          "sensitive_attributes": [],
          "private": "eyJlMmJmYjczMC1lY2FhLTExZTYtOGY4OC0zNDM2M2JjN2M0YzAiOnsiY3JlYXRlIjoxODAwMDAwMDAwMDAwLCJkZWxldGUiOjE4MDAwMDAwMDAwMDAsInJlYWQiOjMwMDAwMDAwMDAwMCwidXBkYXRlIjoxODAwMDAwMDAwMDAwfX0=",
          "dependencies": [
            "azurerm_resource_group.tf-ans-demo-rg"
          ]
        }
      ]
    },
    {
      "mode": "managed",
      "type": "null_resource",
      "name": "run_python_script",
      "provider": "provider[\"registry.terraform.io/hashicorp/null\"]",
      "instances": [
        {
          "schema_version": 0,
          "attributes": {
            "id": "3404525170733470642",
            "triggers": {
              "always_run": "2023-12-21T11:23:54Z"
            }
          },
          "sensitive_attributes": [],
          "dependencies": [
            "azurerm_linux_virtual_machine.tf-ans-demo-vm",
            "azurerm_network_interface.tf-ans-demo-nic",
            "azurerm_public_ip.tf-ans-demo-pub-ip",
            "azurerm_resource_group.tf-ans-demo-rg",
            "azurerm_subnet.tf-ans-demo-subnet1",
            "azurerm_virtual_network.tf-ans-demo-vnet"
          ]
        }
      ]
    }
  ],
  "check_results": null
}
